
Microsoft Visual Studio Solution File, Format Version 12.00
# Visual Studio Version 17
VisualStudioVersion = 17.13.35919.96 d17.13
MinimumVisualStudioVersion = 10.0.40219.1
Project("{FAE04EC0-301F-11D3-BF4B-00C04F79EFBC}") = "Presentation", "Presentation\Presentation.csproj", "{FE23E154-7E60-4AD6-A1B8-358DBB083816}"
EndProject
Project("{FAE04EC0-301F-11D3-BF4B-00C04F79EFBC}") = "DAL", "DAL\DAL.csproj", "{37A1F191-ECA6-4891-8FE2-9F17D8613AA7}"
EndProject
Project("{FAE04EC0-301F-11D3-BF4B-00C04F79EFBC}") = "BLL", "BLL\BLL.csproj", "{13DC8408-6BA6-45D0-B4F7-3E5DDC3293A2}"
EndProject
Project("{FAE04EC0-301F-11D3-BF4B-00C04F79EFBC}") = "StartUp", "StartUp\StartUp.csproj", "{10C6AD6C-2CE1-4050-88B2-2FFEC1791DD9}"
EndProject
Project("{FAE04EC0-301F-11D3-BF4B-00C04F79EFBC}") = "Test", "Test\Test.csproj", "{3D6F0961-1A42-4F44-918F-D94189133BAA}"
EndProject
Global
	GlobalSection(SolutionConfigurationPlatforms) = preSolution
		Debug|Any CPU = Debug|Any CPU
		Release|Any CPU = Release|Any CPU
	EndGlobalSection
	GlobalSection(ProjectConfigurationPlatforms) = postSolution
		{FE23E154-7E60-4AD6-A1B8-358DBB083816}.Debug|Any CPU.ActiveCfg = Debug|Any CPU
		{FE23E154-7E60-4AD6-A1B8-358DBB083816}.Debug|Any CPU.Build.0 = Debug|Any CPU
		{FE23E154-7E60-4AD6-A1B8-358DBB083816}.Release|Any CPU.ActiveCfg = Release|Any CPU
		{FE23E154-7E60-4AD6-A1B8-358DBB083816}.Release|Any CPU.Build.0 = Release|Any CPU
		{37A1F191-ECA6-4891-8FE2-9F17D8613AA7}.Debug|Any CPU.ActiveCfg = Debug|Any CPU
		{37A1F191-ECA6-4891-8FE2-9F17D8613AA7}.Debug|Any CPU.Build.0 = Debug|Any CPU
		{37A1F191-ECA6-4891-8FE2-9F17D8613AA7}.Release|Any CPU.ActiveCfg = Release|Any CPU
		{37A1F191-ECA6-4891-8FE2-9F17D8613AA7}.Release|Any CPU.Build.0 = Release|Any CPU
		{13DC8408-6BA6-45D0-B4F7-3E5DDC3293A2}.Debug|Any CPU.ActiveCfg = Debug|Any CPU
		{13DC8408-6BA6-45D0-B4F7-3E5DDC3293A2}.Debug|Any CPU.Build.0 = Debug|Any CPU
		{13DC8408-6BA6-45D0-B4F7-3E5DDC3293A2}.Release|Any CPU.ActiveCfg = Release|Any CPU
		{13DC8408-6BA6-45D0-B4F7-3E5DDC3293A2}.Release|Any CPU.Build.0 = Release|Any CPU
		{10C6AD6C-2CE1-4050-88B2-2FFEC1791DD9}.Debug|Any CPU.ActiveCfg = Debug|Any CPU
		{10C6AD6C-2CE1-4050-88B2-2FFEC1791DD9}.Debug|Any CPU.Build.0 = Debug|Any CPU
		{10C6AD6C-2CE1-4050-88B2-2FFEC1791DD9}.Release|Any CPU.ActiveCfg = Release|Any CPU
		{10C6AD6C-2CE1-4050-88B2-2FFEC1791DD9}.Release|Any CPU.Build.0 = Release|Any CPU
		{3D6F0961-1A42-4F44-918F-D94189133BAA}.Debug|Any CPU.ActiveCfg = Debug|Any CPU
		{3D6F0961-1A42-4F44-918F-D94189133BAA}.Debug|Any CPU.Build.0 = Debug|Any CPU
		{3D6F0961-1A42-4F44-918F-D94189133BAA}.Release|Any CPU.ActiveCfg = Release|Any CPU
		{3D6F0961-1A42-4F44-918F-D94189133BAA}.Release|Any CPU.Build.0 = Release|Any CPU
	EndGlobalSection
	GlobalSection(SolutionProperties) = preSolution
		HideSolutionNode = FALSE
	EndGlobalSection
	GlobalSection(ExtensibilityGlobals) = postSolution
		SolutionGuid = {84A0190B-8184-441A-B9DD-F654084F3DC0}
	EndGlobalSection
EndGlobal
